
Microsoft Visual Studio Solution File, Format Version 12.00
# Visual Studio Version 16
VisualStudioVersion = 16.0.29411.108
MinimumVisualStudioVersion = 10.0.40219.1
Project("{FAE04EC0-301F-11D3-BF4B-00C04F79EFBC}") = "CPRG200_Workshop2_Group5", "CPRG200_Workshop2_Group5\CPRG200_Workshop2_Group5.csproj", "{1B895242-7980-49C4-BF0F-D397D0871051}"
EndProject
Project("{FAE04EC0-301F-11D3-BF4B-00C04F79EFBC}") = "TravelPackageDB", "TravelPackageDB\TravelPackageDB.csproj", "{EBA971A3-6B34-45F1-8764-943F57E9BEF3}"
EndProject
Global
	GlobalSection(SolutionConfigurationPlatforms) = preSolution
		Debug|Any CPU = Debug|Any CPU
		Release|Any CPU = Release|Any CPU
	EndGlobalSection
	GlobalSection(ProjectConfigurationPlatforms) = postSolution
		{1B895242-7980-49C4-BF0F-D397D0871051}.Debug|Any CPU.ActiveCfg = Debug|Any CPU
		{1B895242-7980-49C4-BF0F-D397D0871051}.Debug|Any CPU.Build.0 = Debug|Any CPU
		{1B895242-7980-49C4-BF0F-D397D0871051}.Release|Any CPU.ActiveCfg = Release|Any CPU
		{1B895242-7980-49C4-BF0F-D397D0871051}.Release|Any CPU.Build.0 = Release|Any CPU
		{EBA971A3-6B34-45F1-8764-943F57E9BEF3}.Debug|Any CPU.ActiveCfg = Debug|Any CPU
		{EBA971A3-6B34-45F1-8764-943F57E9BEF3}.Debug|Any CPU.Build.0 = Debug|Any CPU
		{EBA971A3-6B34-45F1-8764-943F57E9BEF3}.Release|Any CPU.ActiveCfg = Release|Any CPU
		{EBA971A3-6B34-45F1-8764-943F57E9BEF3}.Release|Any CPU.Build.0 = Release|Any CPU
	EndGlobalSection
	GlobalSection(SolutionProperties) = preSolution
		HideSolutionNode = FALSE
	EndGlobalSection
	GlobalSection(ExtensibilityGlobals) = postSolution
		SolutionGuid = {F7093D56-2CB9-461E-94E9-75D8924A269D}
	EndGlobalSection
EndGlobal
